
Microsoft Visual Studio Solution File, Format Version 12.00
# Visual Studio Version 17
VisualStudioVersion = 17.5.33414.496
MinimumVisualStudioVersion = 10.0.40219.1
Project("{FAE04EC0-301F-11D3-BF4B-00C04F79EFBC}") = "BlazorWASMdatabinding.Server", "Server\BlazorWASMdatabinding.Server.csproj", "{3449A2ED-863B-4830-8367-623B777325C1}"
EndProject
Project("{FAE04EC0-301F-11D3-BF4B-00C04F79EFBC}") = "BlazorWASMdatabinding.Client", "Client\BlazorWASMdatabinding.Client.csproj", "{9413A9EE-86D7-4A9C-AB5D-476097F8F4D4}"
EndProject
Project("{FAE04EC0-301F-11D3-BF4B-00C04F79EFBC}") = "BlazorWASMdatabinding.Shared", "Shared\BlazorWASMdatabinding.Shared.csproj", "{5F5BB4AB-9340-427D-A726-EF8EAC29AD00}"
EndProject
Global
	GlobalSection(SolutionConfigurationPlatforms) = preSolution
		Debug|Any CPU = Debug|Any CPU
		Release|Any CPU = Release|Any CPU
	EndGlobalSection
	GlobalSection(ProjectConfigurationPlatforms) = postSolution
		{3449A2ED-863B-4830-8367-623B777325C1}.Debug|Any CPU.ActiveCfg = Debug|Any CPU
		{3449A2ED-863B-4830-8367-623B777325C1}.Debug|Any CPU.Build.0 = Debug|Any CPU
		{3449A2ED-863B-4830-8367-623B777325C1}.Release|Any CPU.ActiveCfg = Release|Any CPU
		{3449A2ED-863B-4830-8367-623B777325C1}.Release|Any CPU.Build.0 = Release|Any CPU
		{9413A9EE-86D7-4A9C-AB5D-476097F8F4D4}.Debug|Any CPU.ActiveCfg = Debug|Any CPU
		{9413A9EE-86D7-4A9C-AB5D-476097F8F4D4}.Debug|Any CPU.Build.0 = Debug|Any CPU
		{9413A9EE-86D7-4A9C-AB5D-476097F8F4D4}.Release|Any CPU.ActiveCfg = Release|Any CPU
		{9413A9EE-86D7-4A9C-AB5D-476097F8F4D4}.Release|Any CPU.Build.0 = Release|Any CPU
		{5F5BB4AB-9340-427D-A726-EF8EAC29AD00}.Debug|Any CPU.ActiveCfg = Debug|Any CPU
		{5F5BB4AB-9340-427D-A726-EF8EAC29AD00}.Debug|Any CPU.Build.0 = Debug|Any CPU
		{5F5BB4AB-9340-427D-A726-EF8EAC29AD00}.Release|Any CPU.ActiveCfg = Release|Any CPU
		{5F5BB4AB-9340-427D-A726-EF8EAC29AD00}.Release|Any CPU.Build.0 = Release|Any CPU
	EndGlobalSection
	GlobalSection(SolutionProperties) = preSolution
		HideSolutionNode = FALSE
	EndGlobalSection
	GlobalSection(ExtensibilityGlobals) = postSolution
		SolutionGuid = {89E798D4-6BAC-47B3-AB82-3D696A2B35CA}
	EndGlobalSection
EndGlobal
